// !$*UTF8*$!
{
	archiveVersion = 1;
	classes = {
	};
	objectVersion = 50;
	objects = {

/* Begin PBXBuildFile section */
		031552E82467B67E001C70B1 /* binary-search.c in Sources */ = {isa = PBXBuildFile; fileRef = 031552E72467B67E001C70B1 /* binary-search.c */; };
		031552EB2467E526001C70B1 /* merge-sort.c in Sources */ = {isa = PBXBuildFile; fileRef = 031552EA2467E526001C70B1 /* merge-sort.c */; };
		032936152467024D001314A6 /* insertion-sort.c in Sources */ = {isa = PBXBuildFile; fileRef = 032936142467024D001314A6 /* insertion-sort.c */; };
		035D21FF246FD7CC0020BF33 /* quick_sort.c in Sources */ = {isa = PBXBuildFile; fileRef = 035D21FE246FD7CC0020BF33 /* quick_sort.c */; };
		035D2202246FE9790020BF33 /* shell_sort.c in Sources */ = {isa = PBXBuildFile; fileRef = 035D2201246FE9790020BF33 /* shell_sort.c */; };
		035D220524700A950020BF33 /* counting_sort.c in Sources */ = {isa = PBXBuildFile; fileRef = 035D220424700A950020BF33 /* counting_sort.c */; };
		038C11C9246595B800CB1293 /* main.c in Sources */ = {isa = PBXBuildFile; fileRef = 038C11C8246595B800CB1293 /* main.c */; };
		038C11D3246595CA00CB1293 /* bubble-sort.c in Sources */ = {isa = PBXBuildFile; fileRef = 038C11D2246595CA00CB1293 /* bubble-sort.c */; };
		038C11D62465A43C00CB1293 /* selection-sort.c in Sources */ = {isa = PBXBuildFile; fileRef = 038C11D52465A43C00CB1293 /* selection-sort.c */; };
		038C11D92465A48200CB1293 /* sort-common.c in Sources */ = {isa = PBXBuildFile; fileRef = 038C11D82465A48200CB1293 /* sort-common.c */; };
		038C11DC2465AE6400CB1293 /* heap-sort.c in Sources */ = {isa = PBXBuildFile; fileRef = 038C11DB2465AE6400CB1293 /* heap-sort.c */; };
/* End PBXBuildFile section */

/* Begin PBXCopyFilesBuildPhase section */
		038C11C3246595B800CB1293 /* CopyFiles */ = {
			isa = PBXCopyFilesBuildPhase;
			buildActionMask = 2147483647;
			dstPath = /usr/share/man/man1/;
			dstSubfolderSpec = 0;
			files = (
			);
			runOnlyForDeploymentPostprocessing = 1;
		};
/* End PBXCopyFilesBuildPhase section */

/* Begin PBXFileReference section */
		031552E62467B67E001C70B1 /* binary-search.h */ = {isa = PBXFileReference; lastKnownFileType = sourcecode.c.h; path = "binary-search.h"; sourceTree = "<group>"; };
		031552E72467B67E001C70B1 /* binary-search.c */ = {isa = PBXFileReference; lastKnownFileType = sourcecode.c.c; path = "binary-search.c"; sourceTree = "<group>"; };
		031552E92467E526001C70B1 /* merge-sort.h */ = {isa = PBXFileReference; lastKnownFileType = sourcecode.c.h; path = "merge-sort.h"; sourceTree = "<group>"; };
		031552EA2467E526001C70B1 /* merge-sort.c */ = {isa = PBXFileReference; lastKnownFileType = sourcecode.c.c; path = "merge-sort.c"; sourceTree = "<group>"; };
		032936132467024D001314A6 /* insertion-sort.h */ = {isa = PBXFileReference; lastKnownFileType = sourcecode.c.h; path = "insertion-sort.h"; sourceTree = "<group>"; };
		032936142467024D001314A6 /* insertion-sort.c */ = {isa = PBXFileReference; lastKnownFileType = sourcecode.c.c; path = "insertion-sort.c"; sourceTree = "<group>"; };
		035D21FD246FD7CC0020BF33 /* quick_sort.h */ = {isa = PBXFileReference; lastKnownFileType = sourcecode.c.h; path = quick_sort.h; sourceTree = "<group>"; };
		035D21FE246FD7CC0020BF33 /* quick_sort.c */ = {isa = PBXFileReference; lastKnownFileType = sourcecode.c.c; path = quick_sort.c; sourceTree = "<group>"; };
		035D2200246FE9790020BF33 /* shell_sort.h */ = {isa = PBXFileReference; lastKnownFileType = sourcecode.c.h; path = shell_sort.h; sourceTree = "<group>"; };
		035D2201246FE9790020BF33 /* shell_sort.c */ = {isa = PBXFileReference; lastKnownFileType = sourcecode.c.c; path = shell_sort.c; sourceTree = "<group>"; };
		035D220324700A950020BF33 /* counting_sort.h */ = {isa = PBXFileReference; lastKnownFileType = sourcecode.c.h; path = counting_sort.h; sourceTree = "<group>"; };
		035D220424700A950020BF33 /* counting_sort.c */ = {isa = PBXFileReference; lastKnownFileType = sourcecode.c.c; path = counting_sort.c; sourceTree = "<group>"; };
		038C11C5246595B800CB1293 /* algorithm */ = {isa = PBXFileReference; explicitFileType = "compiled.mach-o.executable"; includeInIndex = 0; path = algorithm; sourceTree = BUILT_PRODUCTS_DIR; };
		038C11C8246595B800CB1293 /* main.c */ = {isa = PBXFileReference; lastKnownFileType = sourcecode.c.c; path = main.c; sourceTree = "<group>"; };
		038C11D0246595CA00CB1293 /* bubble-sort.h */ = {isa = PBXFileReference; fileEncoding = 4; lastKnownFileType = sourcecode.c.h; path = "bubble-sort.h"; sourceTree = "<group>"; };
		038C11D2246595CA00CB1293 /* bubble-sort.c */ = {isa = PBXFileReference; fileEncoding = 4; lastKnownFileType = sourcecode.c.c; path = "bubble-sort.c"; sourceTree = "<group>"; };
		038C11D42465A43C00CB1293 /* selection-sort.h */ = {isa = PBXFileReference; lastKnownFileType = sourcecode.c.h; path = "selection-sort.h"; sourceTree = "<group>"; };
		038C11D52465A43C00CB1293 /* selection-sort.c */ = {isa = PBXFileReference; lastKnownFileType = sourcecode.c.c; path = "selection-sort.c"; sourceTree = "<group>"; };
		038C11D72465A48200CB1293 /* sort-common.h */ = {isa = PBXFileReference; lastKnownFileType = sourcecode.c.h; path = "sort-common.h"; sourceTree = "<group>"; };
		038C11D82465A48200CB1293 /* sort-common.c */ = {isa = PBXFileReference; lastKnownFileType = sourcecode.c.c; path = "sort-common.c"; sourceTree = "<group>"; };
		038C11DA2465AE6400CB1293 /* heap-sort.h */ = {isa = PBXFileReference; lastKnownFileType = sourcecode.c.h; path = "heap-sort.h"; sourceTree = "<group>"; };
		038C11DB2465AE6400CB1293 /* heap-sort.c */ = {isa = PBXFileReference; lastKnownFileType = sourcecode.c.c; path = "heap-sort.c"; sourceTree = "<group>"; };
/* End PBXFileReference section */

/* Begin PBXFrameworksBuildPhase section */
		038C11C2246595B800CB1293 /* Frameworks */ = {
			isa = PBXFrameworksBuildPhase;
			buildActionMask = 2147483647;
			files = (
			);
			runOnlyForDeploymentPostprocessing = 0;
		};
/* End PBXFrameworksBuildPhase section */

/* Begin PBXGroup section */
		035D220624700FE00020BF33 /* cmp */ = {
			isa = PBXGroup;
			children = (
				038C11D0246595CA00CB1293 /* bubble-sort.h */,
				038C11D2246595CA00CB1293 /* bubble-sort.c */,
				038C11D42465A43C00CB1293 /* selection-sort.h */,
				038C11D52465A43C00CB1293 /* selection-sort.c */,
				038C11DA2465AE6400CB1293 /* heap-sort.h */,
				038C11DB2465AE6400CB1293 /* heap-sort.c */,
				032936132467024D001314A6 /* insertion-sort.h */,
				032936142467024D001314A6 /* insertion-sort.c */,
				031552E62467B67E001C70B1 /* binary-search.h */,
				031552E72467B67E001C70B1 /* binary-search.c */,
				031552E92467E526001C70B1 /* merge-sort.h */,
				031552EA2467E526001C70B1 /* merge-sort.c */,
				035D21FD246FD7CC0020BF33 /* quick_sort.h */,
				035D21FE246FD7CC0020BF33 /* quick_sort.c */,
				035D2200246FE9790020BF33 /* shell_sort.h */,
				035D2201246FE9790020BF33 /* shell_sort.c */,
			);
			path = cmp;
			sourceTree = "<group>";
		};
		038C11BC246595B800CB1293 = {
			isa = PBXGroup;
			children = (
				038C11C7246595B800CB1293 /* algorithm */,
				038C11C6246595B800CB1293 /* Products */,
			);
			sourceTree = "<group>";
		};
		038C11C6246595B800CB1293 /* Products */ = {
			isa = PBXGroup;
			children = (
				038C11C5246595B800CB1293 /* algorithm */,
			);
			name = Products;
			sourceTree = "<group>";
		};
		038C11C7246595B800CB1293 /* algorithm */ = {
			isa = PBXGroup;
			children = (
				038C11CF246595CA00CB1293 /* sort */,
				038C11C8246595B800CB1293 /* main.c */,
			);
			path = algorithm;
			sourceTree = "<group>";
		};
		038C11CF246595CA00CB1293 /* sort */ = {
			isa = PBXGroup;
			children = (
				038C11D72465A48200CB1293 /* sort-common.h */,
				038C11D82465A48200CB1293 /* sort-common.c */,
				035D220624700FE00020BF33 /* cmp */,
				035D220324700A950020BF33 /* counting_sort.h */,
				035D220424700A950020BF33 /* counting_sort.c */,
			);
			path = sort;
			sourceTree = "<group>";
		};
/* End PBXGroup section */

/* Begin PBXNativeTarget section */
		038C11C4246595B800CB1293 /* algorithm */ = {
			isa = PBXNativeTarget;
			buildConfigurationList = 038C11CC246595B800CB1293 /* Build configuration list for PBXNativeTarget "algorithm" */;
			buildPhases = (
				038C11C1246595B800CB1293 /* Sources */,
				038C11C2246595B800CB1293 /* Frameworks */,
				038C11C3246595B800CB1293 /* CopyFiles */,
			);
			buildRules = (
			);
			dependencies = (
			);
			name = algorithm;
			productName = algorithm;
			productReference = 038C11C5246595B800CB1293 /* algorithm */;
			productType = "com.apple.product-type.tool";
		};
/* End PBXNativeTarget section */

/* Begin PBXProject section */
		038C11BD246595B800CB1293 /* Project object */ = {
			isa = PBXProject;
			attributes = {
				LastUpgradeCheck = 1140;
				ORGANIZATIONNAME = Ankui;
				TargetAttributes = {
					038C11C4246595B800CB1293 = {
						CreatedOnToolsVersion = 11.4.1;
					};
				};
			};
			buildConfigurationList = 038C11C0246595B800CB1293 /* Build configuration list for PBXProject "algorithm" */;
			compatibilityVersion = "Xcode 9.3";
			developmentRegion = en;
			hasScannedForEncodings = 0;
			knownRegions = (
				en,
				Base,
			);
			mainGroup = 038C11BC246595B800CB1293;
			productRefGroup = 038C11C6246595B800CB1293 /* Products */;
			projectDirPath = "";
			projectRoot = "";
			targets = (
				038C11C4246595B800CB1293 /* algorithm */,
			);
		};
/* End PBXProject section */

/* Begin PBXSourcesBuildPhase section */
		038C11C1246595B800CB1293 /* Sources */ = {
			isa = PBXSourcesBuildPhase;
			buildActionMask = 2147483647;
			files = (
				035D2202246FE9790020BF33 /* shell_sort.c in Sources */,
				038C11D92465A48200CB1293 /* sort-common.c in Sources */,
				035D21FF246FD7CC0020BF33 /* quick_sort.c in Sources */,
				031552E82467B67E001C70B1 /* binary-search.c in Sources */,
				031552EB2467E526001C70B1 /* merge-sort.c in Sources */,
				032936152467024D001314A6 /* insertion-sort.c in Sources */,
				038C11C9246595B800CB1293 /* main.c in Sources */,
				035D220524700A950020BF33 /* counting_sort.c in Sources */,
				038C11DC2465AE6400CB1293 /* heap-sort.c in Sources */,
				038C11D3246595CA00CB1293 /* bubble-sort.c in Sources */,
				038C11D62465A43C00CB1293 /* selection-sort.c in Sources */,
			);
			runOnlyForDeploymentPostprocessing = 0;
		};
/* End PBXSourcesBuildPhase section */

/* Begin XCBuildConfiguration section */
		038C11CA246595B800CB1293 /* Debug */ = {
			isa = XCBuildConfiguration;
			buildSettings = {
				ALWAYS_SEARCH_USER_PATHS = NO;
				CLANG_ANALYZER_NONNULL = YES;
				CLANG_ANALYZER_NUMBER_OBJECT_CONVERSION = YES_AGGRESSIVE;
				CLANG_CXX_LANGUAGE_STANDARD = "gnu++14";
				CLANG_CXX_LIBRARY = "libc++";
				CLANG_ENABLE_MODULES = YES;
				CLANG_ENABLE_OBJC_ARC = YES;
				CLANG_ENABLE_OBJC_WEAK = YES;
				CLANG_WARN_BLOCK_CAPTURE_AUTORELEASING = YES;
				CLANG_WARN_BOOL_CONVERSION = YES;
				CLANG_WARN_COMMA = YES;
				CLANG_WARN_CONSTANT_CONVERSION = YES;
				CLANG_WARN_DEPRECATED_OBJC_IMPLEMENTATIONS = YES;
				CLANG_WARN_DIRECT_OBJC_ISA_USAGE = YES_ERROR;
				CLANG_WARN_DOCUMENTATION_COMMENTS = YES;
				CLANG_WARN_EMPTY_BODY = YES;
				CLANG_WARN_ENUM_CONVERSION = YES;
				CLANG_WARN_INFINITE_RECURSION = YES;
				CLANG_WARN_INT_CONVERSION = YES;
				CLANG_WARN_NON_LITERAL_NULL_CONVERSION = YES;
				CLANG_WARN_OBJC_IMPLICIT_RETAIN_SELF = YES;
				CLANG_WARN_OBJC_LITERAL_CONVERSION = YES;
				CLANG_WARN_OBJC_ROOT_CLASS = YES_ERROR;
				CLANG_WARN_RANGE_LOOP_ANALYSIS = YES;
				CLANG_WARN_STRICT_PROTOTYPES = YES;
				CLANG_WARN_SUSPICIOUS_MOVE = YES;
				CLANG_WARN_UNGUARDED_AVAILABILITY = YES_AGGRESSIVE;
				CLANG_WARN_UNREACHABLE_CODE = YES;
				CLANG_WARN__DUPLICATE_METHOD_MATCH = YES;
				COPY_PHASE_STRIP = NO;
				DEBUG_INFORMATION_FORMAT = dwarf;
				ENABLE_STRICT_OBJC_MSGSEND = YES;
				ENABLE_TESTABILITY = YES;
				GCC_C_LANGUAGE_STANDARD = gnu11;
				GCC_DYNAMIC_NO_PIC = NO;
				GCC_NO_COMMON_BLOCKS = YES;
				GCC_OPTIMIZATION_LEVEL = 0;
				GCC_PREPROCESSOR_DEFINITIONS = (
					"DEBUG=1",
					"$(inherited)",
				);
				GCC_WARN_64_TO_32_BIT_CONVERSION = YES;
				GCC_WARN_ABOUT_RETURN_TYPE = YES_ERROR;
				GCC_WARN_UNDECLARED_SELECTOR = YES;
				GCC_WARN_UNINITIALIZED_AUTOS = YES_AGGRESSIVE;
				GCC_WARN_UNUSED_FUNCTION = YES;
				GCC_WARN_UNUSED_VARIABLE = YES;
				MACOSX_DEPLOYMENT_TARGET = 10.15;
				MTL_ENABLE_DEBUG_INFO = INCLUDE_SOURCE;
				MTL_FAST_MATH = YES;
				ONLY_ACTIVE_ARCH = YES;
				SDKROOT = macosx;
			};
			name = Debug;
		};
		038C11CB246595B800CB1293 /* Release */ = {
			isa = XCBuildConfiguration;
			buildSettings = {
				ALWAYS_SEARCH_USER_PATHS = NO;
				CLANG_ANALYZER_NONNULL = YES;
				CLANG_ANALYZER_NUMBER_OBJECT_CONVERSION = YES_AGGRESSIVE;
				CLANG_CXX_LANGUAGE_STANDARD = "gnu++14";
				CLANG_CXX_LIBRARY = "libc++";
				CLANG_ENABLE_MODULES = YES;
				CLANG_ENABLE_OBJC_ARC = YES;
				CLANG_ENABLE_OBJC_WEAK = YES;
				CLANG_WARN_BLOCK_CAPTURE_AUTORELEASING = YES;
				CLANG_WARN_BOOL_CONVERSION = YES;
				CLANG_WARN_COMMA = YES;
				CLANG_WARN_CONSTANT_CONVERSION = YES;
				CLANG_WARN_DEPRECATED_OBJC_IMPLEMENTATIONS = YES;
				CLANG_WARN_DIRECT_OBJC_ISA_USAGE = YES_ERROR;
				CLANG_WARN_DOCUMENTATION_COMMENTS = YES;
				CLANG_WARN_EMPTY_BODY = YES;
				CLANG_WARN_ENUM_CONVERSION = YES;
				CLANG_WARN_INFINITE_RECURSION = YES;
				CLANG_WARN_INT_CONVERSION = YES;
				CLANG_WARN_NON_LITERAL_NULL_CONVERSION = YES;
				CLANG_WARN_OBJC_IMPLICIT_RETAIN_SELF = YES;
				CLANG_WARN_OBJC_LITERAL_CONVERSION = YES;
				CLANG_WARN_OBJC_ROOT_CLASS = YES_ERROR;
				CLANG_WARN_RANGE_LOOP_ANALYSIS = YES;
				CLANG_WARN_STRICT_PROTOTYPES = YES;
				CLANG_WARN_SUSPICIOUS_MOVE = YES;
				CLANG_WARN_UNGUARDED_AVAILABILITY = YES_AGGRESSIVE;
				CLANG_WARN_UNREACHABLE_CODE = YES;
				CLANG_WARN__DUPLICATE_METHOD_MATCH = YES;
				COPY_PHASE_STRIP = NO;
				DEBUG_INFORMATION_FORMAT = "dwarf-with-dsym";
				ENABLE_NS_ASSERTIONS = NO;
				ENABLE_STRICT_OBJC_MSGSEND = YES;
				GCC_C_LANGUAGE_STANDARD = gnu11;
				GCC_NO_COMMON_BLOCKS = YES;
				GCC_WARN_64_TO_32_BIT_CONVERSION = YES;
				GCC_WARN_ABOUT_RETURN_TYPE = YES_ERROR;
				GCC_WARN_UNDECLARED_SELECTOR = YES;
				GCC_WARN_UNINITIALIZED_AUTOS = YES_AGGRESSIVE;
				GCC_WARN_UNUSED_FUNCTION = YES;
				GCC_WARN_UNUSED_VARIABLE = YES;
				MACOSX_DEPLOYMENT_TARGET = 10.15;
				MTL_ENABLE_DEBUG_INFO = NO;
				MTL_FAST_MATH = YES;
				SDKROOT = macosx;
			};
			name = Release;
		};
		038C11CD246595B800CB1293 /* Debug */ = {
			isa = XCBuildConfiguration;
			buildSettings = {
				CODE_SIGN_STYLE = Automatic;
				PRODUCT_NAME = "$(TARGET_NAME)";
			};
			name = Debug;
		};
		038C11CE246595B800CB1293 /* Release */ = {
			isa = XCBuildConfiguration;
			buildSettings = {
				CODE_SIGN_STYLE = Automatic;
				PRODUCT_NAME = "$(TARGET_NAME)";
			};
			name = Release;
		};
/* End XCBuildConfiguration section */

/* Begin XCConfigurationList section */
		038C11C0246595B800CB1293 /* Build configuration list for PBXProject "algorithm" */ = {
			isa = XCConfigurationList;
			buildConfigurations = (
				038C11CA246595B800CB1293 /* Debug */,
				038C11CB246595B800CB1293 /* Release */,
			);
			defaultConfigurationIsVisible = 0;
			defaultConfigurationName = Release;
		};
		038C11CC246595B800CB1293 /* Build configuration list for PBXNativeTarget "algorithm" */ = {
			isa = XCConfigurationList;
			buildConfigurations = (
				038C11CD246595B800CB1293 /* Debug */,
				038C11CE246595B800CB1293 /* Release */,
			);
			defaultConfigurationIsVisible = 0;
			defaultConfigurationName = Release;
		};
/* End XCConfigurationList section */
	};
	rootObject = 038C11BD246595B800CB1293 /* Project object */;
}
